
Microsoft Visual Studio Solution File, Format Version 11.00
# Visual Studio 2010
Project("{FAE04EC0-301F-11D3-BF4B-00C04F79EFBC}") = "Assembly-CSharp", "Assembly-CSharp.csproj", "{C29FB204-EE42-63B8-7B67-2770ABAEFFE7}"
EndProject
Project("{FAE04EC0-301F-11D3-BF4B-00C04F79EFBC}") = "Assembly-CSharp-Editor", "Assembly-CSharp-Editor.csproj", "{44C86871-EC3A-9E24-8210-43EAB2251643}"
EndProject
Global
	GlobalSection(SolutionConfigurationPlatforms) = preSolution
		Debug|Any CPU = Debug|Any CPU
		Release|Any CPU = Release|Any CPU
	EndGlobalSection
	GlobalSection(ProjectConfigurationPlatforms) = postSolution
		{C29FB204-EE42-63B8-7B67-2770ABAEFFE7}.Debug|Any CPU.ActiveCfg = Debug|Any CPU
		{C29FB204-EE42-63B8-7B67-2770ABAEFFE7}.Debug|Any CPU.Build.0 = Debug|Any CPU
		{C29FB204-EE42-63B8-7B67-2770ABAEFFE7}.Release|Any CPU.ActiveCfg = Release|Any CPU
		{C29FB204-EE42-63B8-7B67-2770ABAEFFE7}.Release|Any CPU.Build.0 = Release|Any CPU
		{44C86871-EC3A-9E24-8210-43EAB2251643}.Debug|Any CPU.ActiveCfg = Debug|Any CPU
		{44C86871-EC3A-9E24-8210-43EAB2251643}.Debug|Any CPU.Build.0 = Debug|Any CPU
		{44C86871-EC3A-9E24-8210-43EAB2251643}.Release|Any CPU.ActiveCfg = Release|Any CPU
		{44C86871-EC3A-9E24-8210-43EAB2251643}.Release|Any CPU.Build.0 = Release|Any CPU
	EndGlobalSection
	GlobalSection(SolutionProperties) = preSolution
		HideSolutionNode = FALSE
	EndGlobalSection
EndGlobal
